
Microsoft Visual Studio Solution File, Format Version 12.00
# Visual Studio Version 17
VisualStudioVersion = 17.0.31612.314
MinimumVisualStudioVersion = 10.0.40219.1
Project("{9A19103F-16F7-4668-BE54-9A1E7A4F7556}") = "UtilityWpf.Demo", "UtilityWpf.Demo\UtilityWpf.Demo.csproj", "{DD952243-0875-4A4F-BFD0-E4DBD73FB7D5}"
EndProject
Project("{2150E333-8FDC-42A3-9474-1A3956D46DE8}") = "App", "App", "{3E8F851B-BECA-4BAA-9275-2104CDEAEC3D}"
EndProject
Project("{9A19103F-16F7-4668-BE54-9A1E7A4F7556}") = "UtilityWpf.Controls", "UtilityWpf.Controls\UtilityWpf.Controls.csproj", "{662E0F27-75E5-4FB4-9B99-BBEF2CF28594}"
EndProject
Project("{9A19103F-16F7-4668-BE54-9A1E7A4F7556}") = "UtilityWpf", "UtilityWpf\UtilityWpf.csproj", "{264293EB-59CF-4DAB-80AC-5BEE28AC1B88}"
EndProject
Project("{9A19103F-16F7-4668-BE54-9A1E7A4F7556}") = "UtilityWpf.Demo.Master", "UtilityWpf.Demo.Master\UtilityWpf.Demo.Master.csproj", "{16A7EE28-A173-4F13-8297-C5301C416121}"
EndProject
Project("{9A19103F-16F7-4668-BE54-9A1E7A4F7556}") = "UtilityWpf.Animation", "UtilityWpf.Animation\UtilityWpf.Animation.csproj", "{A4169ED7-F5DC-4C15-A76C-FC770F732751}"
EndProject
Project("{9A19103F-16F7-4668-BE54-9A1E7A4F7556}") = "UtilityWpf.Test", "UtilityWpf.Test\UtilityWpf.Test.csproj", "{DA0183DA-2510-4844-B81B-5193D6D80D62}"
EndProject
Project("{9A19103F-16F7-4668-BE54-9A1E7A4F7556}") = "UtilityWpf.Demo.Panels", "UtilityWpf.Demo.Panels\UtilityWpf.Demo.Panels.csproj", "{A4557F4E-9AE5-495B-BD94-CF60EE5C6EBE}"
EndProject
Project("{9A19103F-16F7-4668-BE54-9A1E7A4F7556}") = "UtilityWpf.Demo.Data", "UtilityWpf.Demo.Data\UtilityWpf.Demo.Data.csproj", "{49F7599C-4295-4541-BBF2-BFC9ACC2B376}"
EndProject
Project("{9A19103F-16F7-4668-BE54-9A1E7A4F7556}") = "UtilityWpf.Demo.Controls", "UtilityWpf.Demo.Controls\UtilityWpf.Demo.Controls.csproj", "{CA7E7B79-77F0-4372-BB8F-B932B6012374}"
EndProject
Project("{9A19103F-16F7-4668-BE54-9A1E7A4F7556}") = "UtilityWpf.Demo.Animation", "UtilityWpf.Demo.Animation\UtilityWpf.Demo.Animation.csproj", "{BAD08594-D5E8-414F-AF1C-0D720D1A1ABA}"
EndProject
Project("{9A19103F-16F7-4668-BE54-9A1E7A4F7556}") = "UtilityWpf.Demo.SandBox", "UtilityWpf.Demo.SandBox\UtilityWpf.Demo.SandBox.csproj", "{D9E450B2-E245-4814-8574-8F5F06EB8BF7}"
EndProject
Project("{9A19103F-16F7-4668-BE54-9A1E7A4F7556}") = "UtilityWpf.Demo.FileSystem", "UtilityWpf.Demo.FileSystem\UtilityWpf.Demo.FileSystem.csproj", "{C29F816F-0E6E-4151-B210-F510AE288D42}"
EndProject
Project("{9A19103F-16F7-4668-BE54-9A1E7A4F7556}") = "UtilityWpf.Controls.Master", "UtilityWpf.Controls.Master\UtilityWpf.Controls.Master.csproj", "{6CE9DA9D-0502-48AB-B4C5-C44AFA8BA7B3}"
EndProject
Project("{9A19103F-16F7-4668-BE54-9A1E7A4F7556}") = "UtilityWpf.Controls.Dragablz", "UtilityWpf.Controls.Dragablz\UtilityWpf.Controls.Dragablz.csproj", "{1313FE46-216F-4CCD-A569-4D58D62DE82F}"
EndProject
Project("{9A19103F-16F7-4668-BE54-9A1E7A4F7556}") = "UtilityWpf.Controls.Hybrid", "UtilityWpf.Controls.Hybrid\UtilityWpf.Controls.Hybrid.csproj", "{D2C4AB55-2170-47AA-B972-C7A4C3C1949A}"
EndProject
Project("{9A19103F-16F7-4668-BE54-9A1E7A4F7556}") = "UtilityWpf.Demo.Hybrid", "UtilityWpf.Demo.Hybrid\UtilityWpf.Demo.Hybrid.csproj", "{DBF3DD1A-A647-4983-A93E-2DE6FC41D666}"
EndProject
Project("{9A19103F-16F7-4668-BE54-9A1E7A4F7556}") = "UtilityWpf.Controls.FileSystem", "UtilityWpf.Controls.FileSystem\UtilityWpf.Controls.FileSystem.csproj", "{3EF5C76B-182B-4AD2-A968-E4DE109F6E8E}"
EndProject
Project("{9A19103F-16F7-4668-BE54-9A1E7A4F7556}") = "UtilityWpf.Demo.Dragablz", "UtilityWpf.Demo.Dragablz\UtilityWpf.Demo.Dragablz.csproj", "{261A23B6-74B5-4D2A-80AD-A47AD71B3253}"
EndProject
Project("{9A19103F-16F7-4668-BE54-9A1E7A4F7556}") = "Utility.Common", "Utility.Common\Utility.Common.csproj", "{74C75AA4-2DDF-48B6-B4AB-E166D821F86C}"
EndProject
Project("{9A19103F-16F7-4668-BE54-9A1E7A4F7556}") = "UtilityWpf.Demo.Common", "UtilityWpf.Demo.Common\UtilityWpf.Demo.Common.csproj", "{C48F5E34-9293-4B33-B4CF-C0A4DCEE2013}"
EndProject
Project("{9A19103F-16F7-4668-BE54-9A1E7A4F7556}") = "Utility.ViewModel", "Utility.ViewModel\Utility.ViewModel.csproj", "{22D187B6-222A-4EF1-92CA-A81B29CDBF2E}"
EndProject
Project("{9A19103F-16F7-4668-BE54-9A1E7A4F7556}") = "UtilityWpf.View", "UtilityWpf.View\UtilityWpf.View.csproj", "{8333F9DC-6DFA-4E2E-A42A-BE70B5A5CECD}"
EndProject
Project("{9A19103F-16F7-4668-BE54-9A1E7A4F7556}") = "Utility.Persist", "Utility.Persist\Utility.Persist.csproj", "{C145BD0A-A5CB-4CB2-8240-384E0BA37983}"
EndProject
Project("{9A19103F-16F7-4668-BE54-9A1E7A4F7556}") = "UtilityWpf.Controls.Extrinsic", "UtilityWpf.Controls.Extrinsic\UtilityWpf.Controls.Extrinsic.csproj", "{F827F0DB-6405-4FBD-BDD9-30AB5C0DD12C}"
EndProject
Project("{9A19103F-16F7-4668-BE54-9A1E7A4F7556}") = "UtilityWpf.Panels", "UtilityWpf.Panels\UtilityWpf.Panels.csproj", "{4F4AE404-3F68-4864-A2C4-7FAB675DDA42}"
EndProject
Project("{9A19103F-16F7-4668-BE54-9A1E7A4F7556}") = "UtilityWpf.Controls.Objects", "UtilityWpf.Controls.Objects\UtilityWpf.Controls.Objects.csproj", "{9B728381-1103-4A77-A48F-B8C53393D890}"
EndProject
Project("{9A19103F-16F7-4668-BE54-9A1E7A4F7556}") = "UtilityWpf.Controls.Clocks", "UtilityWpf.Controls.Clock\UtilityWpf.Controls.Clocks.csproj", "{4CA2A2A1-5416-45A8-9CCE-6FE63FA38FEC}"
EndProject
Project("{9A19103F-16F7-4668-BE54-9A1E7A4F7556}") = "UtilityWpf.Controls.Dialog", "UtilityWpf.Controls.Dialog\UtilityWpf.Controls.Dialog.csproj", "{0D8F3016-007C-424D-963A-196770369F06}"
EndProject
Project("{9A19103F-16F7-4668-BE54-9A1E7A4F7556}") = "UtilityWpf.Controls.Progress", "UtilityWpf.Controls.Progress\UtilityWpf.Controls.Progress.csproj", "{CED6BC94-F22D-4170-8F76-EC1936A26567}"
EndProject
Project("{9A19103F-16F7-4668-BE54-9A1E7A4F7556}") = "UtilityWpf.Demo.Clocks", "UtilityWpf.Demo.Clocks\UtilityWpf.Demo.Clocks.csproj", "{5DB79019-7829-402D-B17E-D62717019E01}"
EndProject
Project("{2150E333-8FDC-42A3-9474-1A3956D46DE8}") = "Utility", "Utility", "{CF03926E-9E72-4A61-B447-2EF7E3C17461}"
EndProject
Project("{9A19103F-16F7-4668-BE54-9A1E7A4F7556}") = "UtilityWpf.Demo.Objects", "UtilityWpf.Demo.Objects\UtilityWpf.Demo.Objects.csproj", "{05031E8C-1856-424C-BAAF-1E73DD371FF4}"
EndProject
Project("{9A19103F-16F7-4668-BE54-9A1E7A4F7556}") = "UtilityWpf.Demo.Buttons", "UtilityWpf.Demo.Buttons\UtilityWpf.Demo.Buttons.csproj", "{264763D8-97E3-4B10-91F6-D2966F427E2E}"
EndProject
Project("{9A19103F-16F7-4668-BE54-9A1E7A4F7556}") = "UtilityWpf.Controls.Meta", "UtilityWpf.Controls.Meta\UtilityWpf.Controls.Meta.csproj", "{E9415085-0C61-4C60-9F77-77B114F30240}"
EndProject
Project("{9A19103F-16F7-4668-BE54-9A1E7A4F7556}") = "UtilityWpf.Demo.Extrinsic", "UtilityWpf.Demo.Extrinsic\UtilityWpf.Demo.Extrinsic.csproj", "{4EB35CF5-478A-4D50-AF5F-D423E0027ADD}"
EndProject
Project("{9A19103F-16F7-4668-BE54-9A1E7A4F7556}") = "UtilityWpf.Demo.Dialogs", "UtilityWpf.Demo.Dialogs\UtilityWpf.Demo.Dialogs.csproj", "{035AFF34-5D0E-40A7-88E5-0105DD66A009}"
EndProject
Project("{9A19103F-16F7-4668-BE54-9A1E7A4F7556}") = "UtilityWpf.Demo.Progress", "UtilityWpf.Demo.Progress\UtilityWpf.Demo.Progress.csproj", "{2B519584-AE82-4CA2-8369-A703DD1E91D9}"
EndProject
Project("{2150E333-8FDC-42A3-9474-1A3956D46DE8}") = "Controls", "Controls", "{2ED92AB3-1BF8-4B9F-85BF-2739EDF1915C}"
EndProject
Project("{2150E333-8FDC-42A3-9474-1A3956D46DE8}") = "Infrastructure", "Infrastructure", "{392FD82C-ADC4-4230-8881-89BD4E2B84EE}"
EndProject
Project("{9A19103F-16F7-4668-BE54-9A1E7A4F7556}") = "UtilityWpf.Demo.Chart", "UtilityWpf.Demo.Chart\UtilityWpf.Demo.Chart.csproj", "{A6618B1D-8B71-49B5-B71C-4B5C822FA6DD}"
EndProject
Project("{9A19103F-16F7-4668-BE54-9A1E7A4F7556}") = "UtilityWpf.Controls.Chart", "UtilityWpf.Controls.Chart\UtilityWpf.Controls.Chart.csproj", "{7E193DBF-9E8F-44E6-AE31-2731707849FF}"
EndProject
Project("{2150E333-8FDC-42A3-9474-1A3956D46DE8}") = "Infrastructure", "Infrastructure", "{CEA05C1B-CDCB-4555-9370-0425F31A8C7C}"
EndProject
Project("{9A19103F-16F7-4668-BE54-9A1E7A4F7556}") = "Utility.Service", "Utility.Service\Utility.Service.csproj", "{143618EB-D8C2-47C0-B4AF-7F8779E149D5}"
EndProject
Project("{9A19103F-16F7-4668-BE54-9A1E7A4F7556}") = "UtilityWpf.Demo.Forms", "UtilityWpf.Demo.Forms\UtilityWpf.Demo.Forms.csproj", "{458341AD-70C0-4F08-91E8-2E32554E2077}"
EndProject
Project("{9A19103F-16F7-4668-BE54-9A1E7A4F7556}") = "Utility.WPF.Themes", "Utility.WPF.Themes\Utility.WPF.Themes.csproj", "{4F780377-F98A-4EFD-A218-7D13AE23EE67}"
EndProject
Project("{9A19103F-16F7-4668-BE54-9A1E7A4F7556}") = "UtilityWpf.Controls.Buttons", "UtilityWpf.Controls.Buttons\UtilityWpf.Controls.Buttons.csproj", "{A2FE11D7-F281-4D17-98D0-0BCA832873ED}"
EndProject
Project("{9A19103F-16F7-4668-BE54-9A1E7A4F7556}") = "Utility.WPF.Controls.Date", "Utility.WPF.Controls.Date\Utility.WPF.Controls.Date.csproj", "{FD37DAF5-FE10-4553-AFE0-81D02C46A805}"
EndProject
Project("{9A19103F-16F7-4668-BE54-9A1E7A4F7556}") = "Utility.WPF.Demo.Date", "Utility.WPF.Demo.Date\Utility.WPF.Demo.Date.csproj", "{8E6EE9F9-80F1-4F87-A017-25C6001BC70E}"
EndProject
Project("{9A19103F-16F7-4668-BE54-9A1E7A4F7556}") = "Tynamix.ObjectFiller", "..\..\Visual Studio 2019\Projects\Wpf Combobox\ObjectFiller.NET\Tynamix.ObjectFiller\Tynamix.ObjectFiller.csproj", "{5DFBE19E-249C-4F85-AF2C-2D807EE81A5E}"
EndProject
Project("{FAE04EC0-301F-11D3-BF4B-00C04F79EFBC}") = "Utility.WPF.Adorners", "Utility.WPF.Adorners\Utility.WPF.Adorners.csproj", "{8B841CF3-F209-47DD-B3DC-79C64CCB66A5}"
EndProject
Project("{FAE04EC0-301F-11D3-BF4B-00C04F79EFBC}") = "Utility.WPF.Helper", "Utility.WPF.Utility\Utility.WPF.Helper.csproj", "{5E43B4B1-281B-4E23-B60E-0665FD5846FA}"
EndProject
Project("{FAE04EC0-301F-11D3-BF4B-00C04F79EFBC}") = "Utility.WPF.Demo.Adorners", "Utility.WPF.Demo.Adorners\Utility.WPF.Demo.Adorners.csproj", "{3587E9C2-7255-415C-9FE0-80B11AC3939A}"
EndProject
Project("{FAE04EC0-301F-11D3-BF4B-00C04F79EFBC}") = "Utility.WPF.Behavior", "Utility.WPF.Behavior\Utility.WPF.Behavior.csproj", "{8C605304-DA17-4E73-A6AF-BC43C0E751A2}"
EndProject
Project("{FAE04EC0-301F-11D3-BF4B-00C04F79EFBC}") = "Utility.WPF.Reactive", "Utility.WPF.Reactive\Utility.WPF.Reactive.csproj", "{5B4277F6-5551-4A9D-A20D-69C2682B4CB9}"
EndProject
Project("{FAE04EC0-301F-11D3-BF4B-00C04F79EFBC}") = "Utility.WPF.Abstract", "Utility.WPF.Abstract\Utility.WPF.Abstract.csproj", "{ED75EC06-C252-4345-9AC3-EAD6B21C97C9}"
EndProject
Project("{FAE04EC0-301F-11D3-BF4B-00C04F79EFBC}") = "Utility.WPF.Attached", "Utility.WPF.Attached\Utility.WPF.Attached.csproj", "{DA0A69FD-A0FC-4BCD-A2AE-4F1A62B786D9}"
EndProject
Global
	GlobalSection(SolutionConfigurationPlatforms) = preSolution
		Debug|Any CPU = Debug|Any CPU
		Release|Any CPU = Release|Any CPU
	EndGlobalSection
	GlobalSection(ProjectConfigurationPlatforms) = postSolution
		{DD952243-0875-4A4F-BFD0-E4DBD73FB7D5}.Debug|Any CPU.ActiveCfg = Debug|Any CPU
		{DD952243-0875-4A4F-BFD0-E4DBD73FB7D5}.Debug|Any CPU.Build.0 = Debug|Any CPU
		{DD952243-0875-4A4F-BFD0-E4DBD73FB7D5}.Release|Any CPU.ActiveCfg = Release|Any CPU
		{DD952243-0875-4A4F-BFD0-E4DBD73FB7D5}.Release|Any CPU.Build.0 = Release|Any CPU
		{662E0F27-75E5-4FB4-9B99-BBEF2CF28594}.Debug|Any CPU.ActiveCfg = Debug|Any CPU
		{662E0F27-75E5-4FB4-9B99-BBEF2CF28594}.Debug|Any CPU.Build.0 = Debug|Any CPU
		{662E0F27-75E5-4FB4-9B99-BBEF2CF28594}.Release|Any CPU.ActiveCfg = Release|Any CPU
		{662E0F27-75E5-4FB4-9B99-BBEF2CF28594}.Release|Any CPU.Build.0 = Release|Any CPU
		{264293EB-59CF-4DAB-80AC-5BEE28AC1B88}.Debug|Any CPU.ActiveCfg = Debug|Any CPU
		{264293EB-59CF-4DAB-80AC-5BEE28AC1B88}.Debug|Any CPU.Build.0 = Debug|Any CPU
		{264293EB-59CF-4DAB-80AC-5BEE28AC1B88}.Release|Any CPU.ActiveCfg = Release|Any CPU
		{264293EB-59CF-4DAB-80AC-5BEE28AC1B88}.Release|Any CPU.Build.0 = Release|Any CPU
		{16A7EE28-A173-4F13-8297-C5301C416121}.Debug|Any CPU.ActiveCfg = Debug|Any CPU
		{16A7EE28-A173-4F13-8297-C5301C416121}.Debug|Any CPU.Build.0 = Debug|Any CPU
		{16A7EE28-A173-4F13-8297-C5301C416121}.Release|Any CPU.ActiveCfg = Release|Any CPU
		{16A7EE28-A173-4F13-8297-C5301C416121}.Release|Any CPU.Build.0 = Release|Any CPU
		{A4169ED7-F5DC-4C15-A76C-FC770F732751}.Debug|Any CPU.ActiveCfg = Debug|Any CPU
		{A4169ED7-F5DC-4C15-A76C-FC770F732751}.Debug|Any CPU.Build.0 = Debug|Any CPU
		{A4169ED7-F5DC-4C15-A76C-FC770F732751}.Release|Any CPU.ActiveCfg = Release|Any CPU
		{A4169ED7-F5DC-4C15-A76C-FC770F732751}.Release|Any CPU.Build.0 = Release|Any CPU
		{DA0183DA-2510-4844-B81B-5193D6D80D62}.Debug|Any CPU.ActiveCfg = Debug|Any CPU
		{DA0183DA-2510-4844-B81B-5193D6D80D62}.Debug|Any CPU.Build.0 = Debug|Any CPU
		{DA0183DA-2510-4844-B81B-5193D6D80D62}.Release|Any CPU.ActiveCfg = Release|Any CPU
		{DA0183DA-2510-4844-B81B-5193D6D80D62}.Release|Any CPU.Build.0 = Release|Any CPU
		{A4557F4E-9AE5-495B-BD94-CF60EE5C6EBE}.Debug|Any CPU.ActiveCfg = Debug|Any CPU
		{A4557F4E-9AE5-495B-BD94-CF60EE5C6EBE}.Debug|Any CPU.Build.0 = Debug|Any CPU
		{A4557F4E-9AE5-495B-BD94-CF60EE5C6EBE}.Release|Any CPU.ActiveCfg = Release|Any CPU
		{A4557F4E-9AE5-495B-BD94-CF60EE5C6EBE}.Release|Any CPU.Build.0 = Release|Any CPU
		{49F7599C-4295-4541-BBF2-BFC9ACC2B376}.Debug|Any CPU.ActiveCfg = Debug|Any CPU
		{49F7599C-4295-4541-BBF2-BFC9ACC2B376}.Debug|Any CPU.Build.0 = Debug|Any CPU
		{49F7599C-4295-4541-BBF2-BFC9ACC2B376}.Release|Any CPU.ActiveCfg = Release|Any CPU
		{49F7599C-4295-4541-BBF2-BFC9ACC2B376}.Release|Any CPU.Build.0 = Release|Any CPU
		{CA7E7B79-77F0-4372-BB8F-B932B6012374}.Debug|Any CPU.ActiveCfg = Debug|Any CPU
		{CA7E7B79-77F0-4372-BB8F-B932B6012374}.Debug|Any CPU.Build.0 = Debug|Any CPU
		{CA7E7B79-77F0-4372-BB8F-B932B6012374}.Release|Any CPU.ActiveCfg = Release|Any CPU
		{CA7E7B79-77F0-4372-BB8F-B932B6012374}.Release|Any CPU.Build.0 = Release|Any CPU
		{BAD08594-D5E8-414F-AF1C-0D720D1A1ABA}.Debug|Any CPU.ActiveCfg = Debug|Any CPU
		{BAD08594-D5E8-414F-AF1C-0D720D1A1ABA}.Debug|Any CPU.Build.0 = Debug|Any CPU
		{BAD08594-D5E8-414F-AF1C-0D720D1A1ABA}.Release|Any CPU.ActiveCfg = Release|Any CPU
		{BAD08594-D5E8-414F-AF1C-0D720D1A1ABA}.Release|Any CPU.Build.0 = Release|Any CPU
		{D9E450B2-E245-4814-8574-8F5F06EB8BF7}.Debug|Any CPU.ActiveCfg = Debug|Any CPU
		{D9E450B2-E245-4814-8574-8F5F06EB8BF7}.Debug|Any CPU.Build.0 = Debug|Any CPU
		{D9E450B2-E245-4814-8574-8F5F06EB8BF7}.Release|Any CPU.ActiveCfg = Release|Any CPU
		{D9E450B2-E245-4814-8574-8F5F06EB8BF7}.Release|Any CPU.Build.0 = Release|Any CPU
		{C29F816F-0E6E-4151-B210-F510AE288D42}.Debug|Any CPU.ActiveCfg = Debug|Any CPU
		{C29F816F-0E6E-4151-B210-F510AE288D42}.Debug|Any CPU.Build.0 = Debug|Any CPU
		{C29F816F-0E6E-4151-B210-F510AE288D42}.Release|Any CPU.ActiveCfg = Release|Any CPU
		{C29F816F-0E6E-4151-B210-F510AE288D42}.Release|Any CPU.Build.0 = Release|Any CPU
		{6CE9DA9D-0502-48AB-B4C5-C44AFA8BA7B3}.Debug|Any CPU.ActiveCfg = Debug|Any CPU
		{6CE9DA9D-0502-48AB-B4C5-C44AFA8BA7B3}.Debug|Any CPU.Build.0 = Debug|Any CPU
		{6CE9DA9D-0502-48AB-B4C5-C44AFA8BA7B3}.Release|Any CPU.ActiveCfg = Release|Any CPU
		{6CE9DA9D-0502-48AB-B4C5-C44AFA8BA7B3}.Release|Any CPU.Build.0 = Release|Any CPU
		{1313FE46-216F-4CCD-A569-4D58D62DE82F}.Debug|Any CPU.ActiveCfg = Debug|Any CPU
		{1313FE46-216F-4CCD-A569-4D58D62DE82F}.Debug|Any CPU.Build.0 = Debug|Any CPU
		{1313FE46-216F-4CCD-A569-4D58D62DE82F}.Release|Any CPU.ActiveCfg = Release|Any CPU
		{1313FE46-216F-4CCD-A569-4D58D62DE82F}.Release|Any CPU.Build.0 = Release|Any CPU
		{D2C4AB55-2170-47AA-B972-C7A4C3C1949A}.Debug|Any CPU.ActiveCfg = Debug|Any CPU
		{D2C4AB55-2170-47AA-B972-C7A4C3C1949A}.Debug|Any CPU.Build.0 = Debug|Any CPU
		{D2C4AB55-2170-47AA-B972-C7A4C3C1949A}.Release|Any CPU.ActiveCfg = Release|Any CPU
		{D2C4AB55-2170-47AA-B972-C7A4C3C1949A}.Release|Any CPU.Build.0 = Release|Any CPU
		{DBF3DD1A-A647-4983-A93E-2DE6FC41D666}.Debug|Any CPU.ActiveCfg = Debug|Any CPU
		{DBF3DD1A-A647-4983-A93E-2DE6FC41D666}.Debug|Any CPU.Build.0 = Debug|Any CPU
		{DBF3DD1A-A647-4983-A93E-2DE6FC41D666}.Release|Any CPU.ActiveCfg = Release|Any CPU
		{DBF3DD1A-A647-4983-A93E-2DE6FC41D666}.Release|Any CPU.Build.0 = Release|Any CPU
		{3EF5C76B-182B-4AD2-A968-E4DE109F6E8E}.Debug|Any CPU.ActiveCfg = Debug|Any CPU
		{3EF5C76B-182B-4AD2-A968-E4DE109F6E8E}.Debug|Any CPU.Build.0 = Debug|Any CPU
		{3EF5C76B-182B-4AD2-A968-E4DE109F6E8E}.Release|Any CPU.ActiveCfg = Release|Any CPU
		{3EF5C76B-182B-4AD2-A968-E4DE109F6E8E}.Release|Any CPU.Build.0 = Release|Any CPU
		{261A23B6-74B5-4D2A-80AD-A47AD71B3253}.Debug|Any CPU.ActiveCfg = Debug|Any CPU
		{261A23B6-74B5-4D2A-80AD-A47AD71B3253}.Debug|Any CPU.Build.0 = Debug|Any CPU
		{261A23B6-74B5-4D2A-80AD-A47AD71B3253}.Release|Any CPU.ActiveCfg = Release|Any CPU
		{261A23B6-74B5-4D2A-80AD-A47AD71B3253}.Release|Any CPU.Build.0 = Release|Any CPU
		{74C75AA4-2DDF-48B6-B4AB-E166D821F86C}.Debug|Any CPU.ActiveCfg = Debug|Any CPU
		{74C75AA4-2DDF-48B6-B4AB-E166D821F86C}.Debug|Any CPU.Build.0 = Debug|Any CPU
		{74C75AA4-2DDF-48B6-B4AB-E166D821F86C}.Release|Any CPU.ActiveCfg = Release|Any CPU
		{74C75AA4-2DDF-48B6-B4AB-E166D821F86C}.Release|Any CPU.Build.0 = Release|Any CPU
		{C48F5E34-9293-4B33-B4CF-C0A4DCEE2013}.Debug|Any CPU.ActiveCfg = Debug|Any CPU
		{C48F5E34-9293-4B33-B4CF-C0A4DCEE2013}.Debug|Any CPU.Build.0 = Debug|Any CPU
		{C48F5E34-9293-4B33-B4CF-C0A4DCEE2013}.Release|Any CPU.ActiveCfg = Release|Any CPU
		{C48F5E34-9293-4B33-B4CF-C0A4DCEE2013}.Release|Any CPU.Build.0 = Release|Any CPU
		{22D187B6-222A-4EF1-92CA-A81B29CDBF2E}.Debug|Any CPU.ActiveCfg = Debug|Any CPU
		{22D187B6-222A-4EF1-92CA-A81B29CDBF2E}.Debug|Any CPU.Build.0 = Debug|Any CPU
		{22D187B6-222A-4EF1-92CA-A81B29CDBF2E}.Release|Any CPU.ActiveCfg = Release|Any CPU
		{22D187B6-222A-4EF1-92CA-A81B29CDBF2E}.Release|Any CPU.Build.0 = Release|Any CPU
		{8333F9DC-6DFA-4E2E-A42A-BE70B5A5CECD}.Debug|Any CPU.ActiveCfg = Debug|Any CPU
		{8333F9DC-6DFA-4E2E-A42A-BE70B5A5CECD}.Debug|Any CPU.Build.0 = Debug|Any CPU
		{8333F9DC-6DFA-4E2E-A42A-BE70B5A5CECD}.Release|Any CPU.ActiveCfg = Release|Any CPU
		{8333F9DC-6DFA-4E2E-A42A-BE70B5A5CECD}.Release|Any CPU.Build.0 = Release|Any CPU
		{C145BD0A-A5CB-4CB2-8240-384E0BA37983}.Debug|Any CPU.ActiveCfg = Debug|Any CPU
		{C145BD0A-A5CB-4CB2-8240-384E0BA37983}.Debug|Any CPU.Build.0 = Debug|Any CPU
		{C145BD0A-A5CB-4CB2-8240-384E0BA37983}.Release|Any CPU.ActiveCfg = Release|Any CPU
		{C145BD0A-A5CB-4CB2-8240-384E0BA37983}.Release|Any CPU.Build.0 = Release|Any CPU
		{F827F0DB-6405-4FBD-BDD9-30AB5C0DD12C}.Debug|Any CPU.ActiveCfg = Debug|Any CPU
		{F827F0DB-6405-4FBD-BDD9-30AB5C0DD12C}.Debug|Any CPU.Build.0 = Debug|Any CPU
		{F827F0DB-6405-4FBD-BDD9-30AB5C0DD12C}.Release|Any CPU.ActiveCfg = Release|Any CPU
		{F827F0DB-6405-4FBD-BDD9-30AB5C0DD12C}.Release|Any CPU.Build.0 = Release|Any CPU
		{4F4AE404-3F68-4864-A2C4-7FAB675DDA42}.Debug|Any CPU.ActiveCfg = Debug|Any CPU
		{4F4AE404-3F68-4864-A2C4-7FAB675DDA42}.Debug|Any CPU.Build.0 = Debug|Any CPU
		{4F4AE404-3F68-4864-A2C4-7FAB675DDA42}.Release|Any CPU.ActiveCfg = Release|Any CPU
		{4F4AE404-3F68-4864-A2C4-7FAB675DDA42}.Release|Any CPU.Build.0 = Release|Any CPU
		{9B728381-1103-4A77-A48F-B8C53393D890}.Debug|Any CPU.ActiveCfg = Debug|Any CPU
		{9B728381-1103-4A77-A48F-B8C53393D890}.Debug|Any CPU.Build.0 = Debug|Any CPU
		{9B728381-1103-4A77-A48F-B8C53393D890}.Release|Any CPU.ActiveCfg = Release|Any CPU
		{9B728381-1103-4A77-A48F-B8C53393D890}.Release|Any CPU.Build.0 = Release|Any CPU
		{4CA2A2A1-5416-45A8-9CCE-6FE63FA38FEC}.Debug|Any CPU.ActiveCfg = Debug|Any CPU
		{4CA2A2A1-5416-45A8-9CCE-6FE63FA38FEC}.Debug|Any CPU.Build.0 = Debug|Any CPU
		{4CA2A2A1-5416-45A8-9CCE-6FE63FA38FEC}.Release|Any CPU.ActiveCfg = Release|Any CPU
		{4CA2A2A1-5416-45A8-9CCE-6FE63FA38FEC}.Release|Any CPU.Build.0 = Release|Any CPU
		{0D8F3016-007C-424D-963A-196770369F06}.Debug|Any CPU.ActiveCfg = Debug|Any CPU
		{0D8F3016-007C-424D-963A-196770369F06}.Debug|Any CPU.Build.0 = Debug|Any CPU
		{0D8F3016-007C-424D-963A-196770369F06}.Release|Any CPU.ActiveCfg = Release|Any CPU
		{0D8F3016-007C-424D-963A-196770369F06}.Release|Any CPU.Build.0 = Release|Any CPU
		{CED6BC94-F22D-4170-8F76-EC1936A26567}.Debug|Any CPU.ActiveCfg = Debug|Any CPU
		{CED6BC94-F22D-4170-8F76-EC1936A26567}.Debug|Any CPU.Build.0 = Debug|Any CPU
		{CED6BC94-F22D-4170-8F76-EC1936A26567}.Release|Any CPU.ActiveCfg = Release|Any CPU
		{CED6BC94-F22D-4170-8F76-EC1936A26567}.Release|Any CPU.Build.0 = Release|Any CPU
		{5DB79019-7829-402D-B17E-D62717019E01}.Debug|Any CPU.ActiveCfg = Debug|Any CPU
		{5DB79019-7829-402D-B17E-D62717019E01}.Debug|Any CPU.Build.0 = Debug|Any CPU
		{5DB79019-7829-402D-B17E-D62717019E01}.Release|Any CPU.ActiveCfg = Release|Any CPU
		{5DB79019-7829-402D-B17E-D62717019E01}.Release|Any CPU.Build.0 = Release|Any CPU
		{05031E8C-1856-424C-BAAF-1E73DD371FF4}.Debug|Any CPU.ActiveCfg = Debug|Any CPU
		{05031E8C-1856-424C-BAAF-1E73DD371FF4}.Debug|Any CPU.Build.0 = Debug|Any CPU
		{05031E8C-1856-424C-BAAF-1E73DD371FF4}.Release|Any CPU.ActiveCfg = Release|Any CPU
		{05031E8C-1856-424C-BAAF-1E73DD371FF4}.Release|Any CPU.Build.0 = Release|Any CPU
		{264763D8-97E3-4B10-91F6-D2966F427E2E}.Debug|Any CPU.ActiveCfg = Debug|Any CPU
		{264763D8-97E3-4B10-91F6-D2966F427E2E}.Debug|Any CPU.Build.0 = Debug|Any CPU
		{264763D8-97E3-4B10-91F6-D2966F427E2E}.Release|Any CPU.ActiveCfg = Release|Any CPU
		{264763D8-97E3-4B10-91F6-D2966F427E2E}.Release|Any CPU.Build.0 = Release|Any CPU
		{E9415085-0C61-4C60-9F77-77B114F30240}.Debug|Any CPU.ActiveCfg = Debug|Any CPU
		{E9415085-0C61-4C60-9F77-77B114F30240}.Debug|Any CPU.Build.0 = Debug|Any CPU
		{E9415085-0C61-4C60-9F77-77B114F30240}.Release|Any CPU.ActiveCfg = Release|Any CPU
		{E9415085-0C61-4C60-9F77-77B114F30240}.Release|Any CPU.Build.0 = Release|Any CPU
		{4EB35CF5-478A-4D50-AF5F-D423E0027ADD}.Debug|Any CPU.ActiveCfg = Debug|Any CPU
		{4EB35CF5-478A-4D50-AF5F-D423E0027ADD}.Debug|Any CPU.Build.0 = Debug|Any CPU
		{4EB35CF5-478A-4D50-AF5F-D423E0027ADD}.Release|Any CPU.ActiveCfg = Release|Any CPU
		{4EB35CF5-478A-4D50-AF5F-D423E0027ADD}.Release|Any CPU.Build.0 = Release|Any CPU
		{035AFF34-5D0E-40A7-88E5-0105DD66A009}.Debug|Any CPU.ActiveCfg = Debug|Any CPU
		{035AFF34-5D0E-40A7-88E5-0105DD66A009}.Debug|Any CPU.Build.0 = Debug|Any CPU
		{035AFF34-5D0E-40A7-88E5-0105DD66A009}.Release|Any CPU.ActiveCfg = Release|Any CPU
		{035AFF34-5D0E-40A7-88E5-0105DD66A009}.Release|Any CPU.Build.0 = Release|Any CPU
		{2B519584-AE82-4CA2-8369-A703DD1E91D9}.Debug|Any CPU.ActiveCfg = Debug|Any CPU
		{2B519584-AE82-4CA2-8369-A703DD1E91D9}.Debug|Any CPU.Build.0 = Debug|Any CPU
		{2B519584-AE82-4CA2-8369-A703DD1E91D9}.Release|Any CPU.ActiveCfg = Release|Any CPU
		{2B519584-AE82-4CA2-8369-A703DD1E91D9}.Release|Any CPU.Build.0 = Release|Any CPU
		{A6618B1D-8B71-49B5-B71C-4B5C822FA6DD}.Debug|Any CPU.ActiveCfg = Debug|Any CPU
		{A6618B1D-8B71-49B5-B71C-4B5C822FA6DD}.Debug|Any CPU.Build.0 = Debug|Any CPU
		{A6618B1D-8B71-49B5-B71C-4B5C822FA6DD}.Release|Any CPU.ActiveCfg = Release|Any CPU
		{A6618B1D-8B71-49B5-B71C-4B5C822FA6DD}.Release|Any CPU.Build.0 = Release|Any CPU
		{7E193DBF-9E8F-44E6-AE31-2731707849FF}.Debug|Any CPU.ActiveCfg = Debug|Any CPU
		{7E193DBF-9E8F-44E6-AE31-2731707849FF}.Debug|Any CPU.Build.0 = Debug|Any CPU
		{7E193DBF-9E8F-44E6-AE31-2731707849FF}.Release|Any CPU.ActiveCfg = Release|Any CPU
		{7E193DBF-9E8F-44E6-AE31-2731707849FF}.Release|Any CPU.Build.0 = Release|Any CPU
		{143618EB-D8C2-47C0-B4AF-7F8779E149D5}.Debug|Any CPU.ActiveCfg = Debug|Any CPU
		{143618EB-D8C2-47C0-B4AF-7F8779E149D5}.Debug|Any CPU.Build.0 = Debug|Any CPU
		{143618EB-D8C2-47C0-B4AF-7F8779E149D5}.Release|Any CPU.ActiveCfg = Release|Any CPU
		{143618EB-D8C2-47C0-B4AF-7F8779E149D5}.Release|Any CPU.Build.0 = Release|Any CPU
		{458341AD-70C0-4F08-91E8-2E32554E2077}.Debug|Any CPU.ActiveCfg = Debug|Any CPU
		{458341AD-70C0-4F08-91E8-2E32554E2077}.Debug|Any CPU.Build.0 = Debug|Any CPU
		{458341AD-70C0-4F08-91E8-2E32554E2077}.Release|Any CPU.ActiveCfg = Release|Any CPU
		{458341AD-70C0-4F08-91E8-2E32554E2077}.Release|Any CPU.Build.0 = Release|Any CPU
		{4F780377-F98A-4EFD-A218-7D13AE23EE67}.Debug|Any CPU.ActiveCfg = Debug|Any CPU
		{4F780377-F98A-4EFD-A218-7D13AE23EE67}.Debug|Any CPU.Build.0 = Debug|Any CPU
		{4F780377-F98A-4EFD-A218-7D13AE23EE67}.Release|Any CPU.ActiveCfg = Release|Any CPU
		{4F780377-F98A-4EFD-A218-7D13AE23EE67}.Release|Any CPU.Build.0 = Release|Any CPU
		{A2FE11D7-F281-4D17-98D0-0BCA832873ED}.Debug|Any CPU.ActiveCfg = Debug|Any CPU
		{A2FE11D7-F281-4D17-98D0-0BCA832873ED}.Debug|Any CPU.Build.0 = Debug|Any CPU
		{A2FE11D7-F281-4D17-98D0-0BCA832873ED}.Release|Any CPU.ActiveCfg = Release|Any CPU
		{A2FE11D7-F281-4D17-98D0-0BCA832873ED}.Release|Any CPU.Build.0 = Release|Any CPU
		{FD37DAF5-FE10-4553-AFE0-81D02C46A805}.Debug|Any CPU.ActiveCfg = Debug|Any CPU
		{FD37DAF5-FE10-4553-AFE0-81D02C46A805}.Debug|Any CPU.Build.0 = Debug|Any CPU
		{FD37DAF5-FE10-4553-AFE0-81D02C46A805}.Release|Any CPU.ActiveCfg = Release|Any CPU
		{FD37DAF5-FE10-4553-AFE0-81D02C46A805}.Release|Any CPU.Build.0 = Release|Any CPU
		{8E6EE9F9-80F1-4F87-A017-25C6001BC70E}.Debug|Any CPU.ActiveCfg = Debug|Any CPU
		{8E6EE9F9-80F1-4F87-A017-25C6001BC70E}.Debug|Any CPU.Build.0 = Debug|Any CPU
		{8E6EE9F9-80F1-4F87-A017-25C6001BC70E}.Release|Any CPU.ActiveCfg = Release|Any CPU
		{8E6EE9F9-80F1-4F87-A017-25C6001BC70E}.Release|Any CPU.Build.0 = Release|Any CPU
		{5DFBE19E-249C-4F85-AF2C-2D807EE81A5E}.Debug|Any CPU.ActiveCfg = Debug|Any CPU
		{5DFBE19E-249C-4F85-AF2C-2D807EE81A5E}.Debug|Any CPU.Build.0 = Debug|Any CPU
		{5DFBE19E-249C-4F85-AF2C-2D807EE81A5E}.Release|Any CPU.ActiveCfg = Release|Any CPU
		{5DFBE19E-249C-4F85-AF2C-2D807EE81A5E}.Release|Any CPU.Build.0 = Release|Any CPU
		{8B841CF3-F209-47DD-B3DC-79C64CCB66A5}.Debug|Any CPU.ActiveCfg = Debug|Any CPU
		{8B841CF3-F209-47DD-B3DC-79C64CCB66A5}.Debug|Any CPU.Build.0 = Debug|Any CPU
		{8B841CF3-F209-47DD-B3DC-79C64CCB66A5}.Release|Any CPU.ActiveCfg = Release|Any CPU
		{8B841CF3-F209-47DD-B3DC-79C64CCB66A5}.Release|Any CPU.Build.0 = Release|Any CPU
		{5E43B4B1-281B-4E23-B60E-0665FD5846FA}.Debug|Any CPU.ActiveCfg = Debug|Any CPU
		{5E43B4B1-281B-4E23-B60E-0665FD5846FA}.Debug|Any CPU.Build.0 = Debug|Any CPU
		{5E43B4B1-281B-4E23-B60E-0665FD5846FA}.Release|Any CPU.ActiveCfg = Release|Any CPU
		{5E43B4B1-281B-4E23-B60E-0665FD5846FA}.Release|Any CPU.Build.0 = Release|Any CPU
		{3587E9C2-7255-415C-9FE0-80B11AC3939A}.Debug|Any CPU.ActiveCfg = Debug|Any CPU
		{3587E9C2-7255-415C-9FE0-80B11AC3939A}.Debug|Any CPU.Build.0 = Debug|Any CPU
		{3587E9C2-7255-415C-9FE0-80B11AC3939A}.Release|Any CPU.ActiveCfg = Release|Any CPU
		{3587E9C2-7255-415C-9FE0-80B11AC3939A}.Release|Any CPU.Build.0 = Release|Any CPU
		{8C605304-DA17-4E73-A6AF-BC43C0E751A2}.Debug|Any CPU.ActiveCfg = Debug|Any CPU
		{8C605304-DA17-4E73-A6AF-BC43C0E751A2}.Debug|Any CPU.Build.0 = Debug|Any CPU
		{8C605304-DA17-4E73-A6AF-BC43C0E751A2}.Release|Any CPU.ActiveCfg = Release|Any CPU
		{8C605304-DA17-4E73-A6AF-BC43C0E751A2}.Release|Any CPU.Build.0 = Release|Any CPU
		{5B4277F6-5551-4A9D-A20D-69C2682B4CB9}.Debug|Any CPU.ActiveCfg = Debug|Any CPU
		{5B4277F6-5551-4A9D-A20D-69C2682B4CB9}.Debug|Any CPU.Build.0 = Debug|Any CPU
		{5B4277F6-5551-4A9D-A20D-69C2682B4CB9}.Release|Any CPU.ActiveCfg = Release|Any CPU
		{5B4277F6-5551-4A9D-A20D-69C2682B4CB9}.Release|Any CPU.Build.0 = Release|Any CPU
		{ED75EC06-C252-4345-9AC3-EAD6B21C97C9}.Debug|Any CPU.ActiveCfg = Debug|Any CPU
		{ED75EC06-C252-4345-9AC3-EAD6B21C97C9}.Debug|Any CPU.Build.0 = Debug|Any CPU
		{ED75EC06-C252-4345-9AC3-EAD6B21C97C9}.Release|Any CPU.ActiveCfg = Release|Any CPU
		{ED75EC06-C252-4345-9AC3-EAD6B21C97C9}.Release|Any CPU.Build.0 = Release|Any CPU
		{DA0A69FD-A0FC-4BCD-A2AE-4F1A62B786D9}.Debug|Any CPU.ActiveCfg = Debug|Any CPU
		{DA0A69FD-A0FC-4BCD-A2AE-4F1A62B786D9}.Debug|Any CPU.Build.0 = Debug|Any CPU
		{DA0A69FD-A0FC-4BCD-A2AE-4F1A62B786D9}.Release|Any CPU.ActiveCfg = Release|Any CPU
		{DA0A69FD-A0FC-4BCD-A2AE-4F1A62B786D9}.Release|Any CPU.Build.0 = Release|Any CPU
	EndGlobalSection
	GlobalSection(SolutionProperties) = preSolution
		HideSolutionNode = FALSE
	EndGlobalSection
	GlobalSection(NestedProjects) = preSolution
		{DD952243-0875-4A4F-BFD0-E4DBD73FB7D5} = {3E8F851B-BECA-4BAA-9275-2104CDEAEC3D}
		{662E0F27-75E5-4FB4-9B99-BBEF2CF28594} = {2ED92AB3-1BF8-4B9F-85BF-2739EDF1915C}
		{264293EB-59CF-4DAB-80AC-5BEE28AC1B88} = {392FD82C-ADC4-4230-8881-89BD4E2B84EE}
		{16A7EE28-A173-4F13-8297-C5301C416121} = {3E8F851B-BECA-4BAA-9275-2104CDEAEC3D}
		{A4169ED7-F5DC-4C15-A76C-FC770F732751} = {392FD82C-ADC4-4230-8881-89BD4E2B84EE}
		{DA0183DA-2510-4844-B81B-5193D6D80D62} = {3E8F851B-BECA-4BAA-9275-2104CDEAEC3D}
		{A4557F4E-9AE5-495B-BD94-CF60EE5C6EBE} = {3E8F851B-BECA-4BAA-9275-2104CDEAEC3D}
		{49F7599C-4295-4541-BBF2-BFC9ACC2B376} = {CEA05C1B-CDCB-4555-9370-0425F31A8C7C}
		{CA7E7B79-77F0-4372-BB8F-B932B6012374} = {3E8F851B-BECA-4BAA-9275-2104CDEAEC3D}
		{BAD08594-D5E8-414F-AF1C-0D720D1A1ABA} = {3E8F851B-BECA-4BAA-9275-2104CDEAEC3D}
		{D9E450B2-E245-4814-8574-8F5F06EB8BF7} = {3E8F851B-BECA-4BAA-9275-2104CDEAEC3D}
		{C29F816F-0E6E-4151-B210-F510AE288D42} = {3E8F851B-BECA-4BAA-9275-2104CDEAEC3D}
		{6CE9DA9D-0502-48AB-B4C5-C44AFA8BA7B3} = {2ED92AB3-1BF8-4B9F-85BF-2739EDF1915C}
		{1313FE46-216F-4CCD-A569-4D58D62DE82F} = {2ED92AB3-1BF8-4B9F-85BF-2739EDF1915C}
		{D2C4AB55-2170-47AA-B972-C7A4C3C1949A} = {2ED92AB3-1BF8-4B9F-85BF-2739EDF1915C}
		{DBF3DD1A-A647-4983-A93E-2DE6FC41D666} = {3E8F851B-BECA-4BAA-9275-2104CDEAEC3D}
		{3EF5C76B-182B-4AD2-A968-E4DE109F6E8E} = {2ED92AB3-1BF8-4B9F-85BF-2739EDF1915C}
		{261A23B6-74B5-4D2A-80AD-A47AD71B3253} = {3E8F851B-BECA-4BAA-9275-2104CDEAEC3D}
		{74C75AA4-2DDF-48B6-B4AB-E166D821F86C} = {CF03926E-9E72-4A61-B447-2EF7E3C17461}
		{C48F5E34-9293-4B33-B4CF-C0A4DCEE2013} = {CEA05C1B-CDCB-4555-9370-0425F31A8C7C}
		{22D187B6-222A-4EF1-92CA-A81B29CDBF2E} = {CF03926E-9E72-4A61-B447-2EF7E3C17461}
		{8333F9DC-6DFA-4E2E-A42A-BE70B5A5CECD} = {392FD82C-ADC4-4230-8881-89BD4E2B84EE}
		{C145BD0A-A5CB-4CB2-8240-384E0BA37983} = {CF03926E-9E72-4A61-B447-2EF7E3C17461}
		{F827F0DB-6405-4FBD-BDD9-30AB5C0DD12C} = {2ED92AB3-1BF8-4B9F-85BF-2739EDF1915C}
		{4F4AE404-3F68-4864-A2C4-7FAB675DDA42} = {392FD82C-ADC4-4230-8881-89BD4E2B84EE}
		{9B728381-1103-4A77-A48F-B8C53393D890} = {2ED92AB3-1BF8-4B9F-85BF-2739EDF1915C}
		{4CA2A2A1-5416-45A8-9CCE-6FE63FA38FEC} = {2ED92AB3-1BF8-4B9F-85BF-2739EDF1915C}
		{0D8F3016-007C-424D-963A-196770369F06} = {2ED92AB3-1BF8-4B9F-85BF-2739EDF1915C}
		{CED6BC94-F22D-4170-8F76-EC1936A26567} = {2ED92AB3-1BF8-4B9F-85BF-2739EDF1915C}
		{5DB79019-7829-402D-B17E-D62717019E01} = {3E8F851B-BECA-4BAA-9275-2104CDEAEC3D}
		{05031E8C-1856-424C-BAAF-1E73DD371FF4} = {3E8F851B-BECA-4BAA-9275-2104CDEAEC3D}
		{264763D8-97E3-4B10-91F6-D2966F427E2E} = {3E8F851B-BECA-4BAA-9275-2104CDEAEC3D}
		{E9415085-0C61-4C60-9F77-77B114F30240} = {2ED92AB3-1BF8-4B9F-85BF-2739EDF1915C}
		{4EB35CF5-478A-4D50-AF5F-D423E0027ADD} = {3E8F851B-BECA-4BAA-9275-2104CDEAEC3D}
		{035AFF34-5D0E-40A7-88E5-0105DD66A009} = {3E8F851B-BECA-4BAA-9275-2104CDEAEC3D}
		{2B519584-AE82-4CA2-8369-A703DD1E91D9} = {3E8F851B-BECA-4BAA-9275-2104CDEAEC3D}
		{A6618B1D-8B71-49B5-B71C-4B5C822FA6DD} = {3E8F851B-BECA-4BAA-9275-2104CDEAEC3D}
		{7E193DBF-9E8F-44E6-AE31-2731707849FF} = {2ED92AB3-1BF8-4B9F-85BF-2739EDF1915C}
		{CEA05C1B-CDCB-4555-9370-0425F31A8C7C} = {3E8F851B-BECA-4BAA-9275-2104CDEAEC3D}
		{143618EB-D8C2-47C0-B4AF-7F8779E149D5} = {CF03926E-9E72-4A61-B447-2EF7E3C17461}
		{458341AD-70C0-4F08-91E8-2E32554E2077} = {3E8F851B-BECA-4BAA-9275-2104CDEAEC3D}
		{4F780377-F98A-4EFD-A218-7D13AE23EE67} = {392FD82C-ADC4-4230-8881-89BD4E2B84EE}
		{A2FE11D7-F281-4D17-98D0-0BCA832873ED} = {2ED92AB3-1BF8-4B9F-85BF-2739EDF1915C}
		{FD37DAF5-FE10-4553-AFE0-81D02C46A805} = {2ED92AB3-1BF8-4B9F-85BF-2739EDF1915C}
		{8E6EE9F9-80F1-4F87-A017-25C6001BC70E} = {3E8F851B-BECA-4BAA-9275-2104CDEAEC3D}
		{5DFBE19E-249C-4F85-AF2C-2D807EE81A5E} = {CF03926E-9E72-4A61-B447-2EF7E3C17461}
		{8B841CF3-F209-47DD-B3DC-79C64CCB66A5} = {392FD82C-ADC4-4230-8881-89BD4E2B84EE}
		{5E43B4B1-281B-4E23-B60E-0665FD5846FA} = {392FD82C-ADC4-4230-8881-89BD4E2B84EE}
		{3587E9C2-7255-415C-9FE0-80B11AC3939A} = {3E8F851B-BECA-4BAA-9275-2104CDEAEC3D}
		{8C605304-DA17-4E73-A6AF-BC43C0E751A2} = {392FD82C-ADC4-4230-8881-89BD4E2B84EE}
		{5B4277F6-5551-4A9D-A20D-69C2682B4CB9} = {392FD82C-ADC4-4230-8881-89BD4E2B84EE}
		{ED75EC06-C252-4345-9AC3-EAD6B21C97C9} = {392FD82C-ADC4-4230-8881-89BD4E2B84EE}
		{DA0A69FD-A0FC-4BCD-A2AE-4F1A62B786D9} = {392FD82C-ADC4-4230-8881-89BD4E2B84EE}
	EndGlobalSection
	GlobalSection(ExtensibilityGlobals) = postSolution
		SolutionGuid = {7D60CFCE-498F-4A6D-9B9B-5546561C117E}
	EndGlobalSection
EndGlobal
