
Microsoft Visual Studio Solution File, Format Version 12.00
# Visual Studio Version 16
VisualStudioVersion = 16.0.29102.190
MinimumVisualStudioVersion = 10.0.40219.1
Project("{9A19103F-16F7-4668-BE54-9A1E7A4F7556}") = "UtilityWpf.DemoApp", "UtilityWpf.Demo\UtilityWpf.DemoApp.csproj", "{DD952243-0875-4A4F-BFD0-E4DBD73FB7D5}"
EndProject
Project("{2150E333-8FDC-42A3-9474-1A3956D46DE8}") = "App", "App", "{3E8F851B-BECA-4BAA-9275-2104CDEAEC3D}"
EndProject
Project("{9A19103F-16F7-4668-BE54-9A1E7A4F7556}") = "UtilityWpf.View", "UtilityWpf.View\UtilityWpf.View.csproj", "{662E0F27-75E5-4FB4-9B99-BBEF2CF28594}"
EndProject
Project("{9A19103F-16F7-4668-BE54-9A1E7A4F7556}") = "UtilityWpf", "UtilityWpf\UtilityWpf.csproj", "{264293EB-59CF-4DAB-80AC-5BEE28AC1B88}"
EndProject
Project("{9A19103F-16F7-4668-BE54-9A1E7A4F7556}") = "UtilityWpf.DemoAnimation", "UtilityWpf.Demo.Animation\UtilityWpf.DemoAnimation.csproj", "{16A7EE28-A173-4F13-8297-C5301C416121}"
EndProject
Project("{9A19103F-16F7-4668-BE54-9A1E7A4F7556}") = "UtilityWpf.Animation", "UtilityWpf.Animation\UtilityWpf.Animation.csproj", "{A4169ED7-F5DC-4C15-A76C-FC770F732751}"
EndProject
Project("{9A19103F-16F7-4668-BE54-9A1E7A4F7556}") = "UtilityWpf.Chart", "UtilityWpf.Chart\UtilityWpf.Chart.csproj", "{05C42A1E-B891-4476-A85A-719BCFCAC1A9}"
EndProject
Global
	GlobalSection(SolutionConfigurationPlatforms) = preSolution
		Debug|Any CPU = Debug|Any CPU
		Release|Any CPU = Release|Any CPU
	EndGlobalSection
	GlobalSection(ProjectConfigurationPlatforms) = postSolution
		{DD952243-0875-4A4F-BFD0-E4DBD73FB7D5}.Debug|Any CPU.ActiveCfg = Debug|Any CPU
		{DD952243-0875-4A4F-BFD0-E4DBD73FB7D5}.Debug|Any CPU.Build.0 = Debug|Any CPU
		{DD952243-0875-4A4F-BFD0-E4DBD73FB7D5}.Release|Any CPU.ActiveCfg = Release|Any CPU
		{DD952243-0875-4A4F-BFD0-E4DBD73FB7D5}.Release|Any CPU.Build.0 = Release|Any CPU
		{662E0F27-75E5-4FB4-9B99-BBEF2CF28594}.Debug|Any CPU.ActiveCfg = Debug|Any CPU
		{662E0F27-75E5-4FB4-9B99-BBEF2CF28594}.Debug|Any CPU.Build.0 = Debug|Any CPU
		{662E0F27-75E5-4FB4-9B99-BBEF2CF28594}.Release|Any CPU.ActiveCfg = Release|Any CPU
		{662E0F27-75E5-4FB4-9B99-BBEF2CF28594}.Release|Any CPU.Build.0 = Release|Any CPU
		{264293EB-59CF-4DAB-80AC-5BEE28AC1B88}.Debug|Any CPU.ActiveCfg = Debug|Any CPU
		{264293EB-59CF-4DAB-80AC-5BEE28AC1B88}.Debug|Any CPU.Build.0 = Debug|Any CPU
		{264293EB-59CF-4DAB-80AC-5BEE28AC1B88}.Release|Any CPU.ActiveCfg = Release|Any CPU
		{264293EB-59CF-4DAB-80AC-5BEE28AC1B88}.Release|Any CPU.Build.0 = Release|Any CPU
		{16A7EE28-A173-4F13-8297-C5301C416121}.Debug|Any CPU.ActiveCfg = Debug|Any CPU
		{16A7EE28-A173-4F13-8297-C5301C416121}.Debug|Any CPU.Build.0 = Debug|Any CPU
		{16A7EE28-A173-4F13-8297-C5301C416121}.Release|Any CPU.ActiveCfg = Release|Any CPU
		{16A7EE28-A173-4F13-8297-C5301C416121}.Release|Any CPU.Build.0 = Release|Any CPU
		{A4169ED7-F5DC-4C15-A76C-FC770F732751}.Debug|Any CPU.ActiveCfg = Debug|Any CPU
		{A4169ED7-F5DC-4C15-A76C-FC770F732751}.Debug|Any CPU.Build.0 = Debug|Any CPU
		{A4169ED7-F5DC-4C15-A76C-FC770F732751}.Release|Any CPU.ActiveCfg = Release|Any CPU
		{A4169ED7-F5DC-4C15-A76C-FC770F732751}.Release|Any CPU.Build.0 = Release|Any CPU
		{05C42A1E-B891-4476-A85A-719BCFCAC1A9}.Debug|Any CPU.ActiveCfg = Debug|Any CPU
		{05C42A1E-B891-4476-A85A-719BCFCAC1A9}.Debug|Any CPU.Build.0 = Debug|Any CPU
		{05C42A1E-B891-4476-A85A-719BCFCAC1A9}.Release|Any CPU.ActiveCfg = Release|Any CPU
		{05C42A1E-B891-4476-A85A-719BCFCAC1A9}.Release|Any CPU.Build.0 = Release|Any CPU
	EndGlobalSection
	GlobalSection(SolutionProperties) = preSolution
		HideSolutionNode = FALSE
	EndGlobalSection
	GlobalSection(NestedProjects) = preSolution
		{DD952243-0875-4A4F-BFD0-E4DBD73FB7D5} = {3E8F851B-BECA-4BAA-9275-2104CDEAEC3D}
		{16A7EE28-A173-4F13-8297-C5301C416121} = {3E8F851B-BECA-4BAA-9275-2104CDEAEC3D}
	EndGlobalSection
	GlobalSection(ExtensibilityGlobals) = postSolution
		SolutionGuid = {7D60CFCE-498F-4A6D-9B9B-5546561C117E}
	EndGlobalSection
EndGlobal
