
Microsoft Visual Studio Solution File, Format Version 12.00
# Visual Studio Version 17
VisualStudioVersion = 17.0.31710.8
MinimumVisualStudioVersion = 10.0.40219.1
Project("{2150E333-8FDC-42A3-9474-1A3956D46DE8}") = "App", "App", "{3E8F851B-BECA-4BAA-9275-2104CDEAEC3D}"
EndProject
Project("{9A19103F-16F7-4668-BE54-9A1E7A4F7556}") = "UtilityWpf.Controls", "UtilityWpf.Controls\UtilityWpf.Controls.csproj", "{662E0F27-75E5-4FB4-9B99-BBEF2CF28594}"
EndProject
Project("{9A19103F-16F7-4668-BE54-9A1E7A4F7556}") = "UtilityWpf", "UtilityWpf\UtilityWpf.csproj", "{264293EB-59CF-4DAB-80AC-5BEE28AC1B88}"
EndProject
Project("{9A19103F-16F7-4668-BE54-9A1E7A4F7556}") = "UtilityWpf.Demo.Master", "UtilityWpf.Demo.Master\UtilityWpf.Demo.Master.csproj", "{16A7EE28-A173-4F13-8297-C5301C416121}"
EndProject
Project("{9A19103F-16F7-4668-BE54-9A1E7A4F7556}") = "UtilityWpf.Demo.FileSystem", "UtilityWpf.Demo.FileSystem\UtilityWpf.Demo.FileSystem.csproj", "{C29F816F-0E6E-4151-B210-F510AE288D42}"
EndProject
Project("{9A19103F-16F7-4668-BE54-9A1E7A4F7556}") = "UtilityWpf.Controls.FileSystem", "UtilityWpf.Controls.FileSystem\UtilityWpf.Controls.FileSystem.csproj", "{C48F6828-3036-4358-9099-EBB35454D11E}"
EndProject
Project("{2150E333-8FDC-42A3-9474-1A3956D46DE8}") = "FileSystem.Transfer", "FileSystem.Transfer", "{A0404512-DA00-43B0-A59A-0F14A6C8D530}"
EndProject
Project("{9A19103F-16F7-4668-BE54-9A1E7A4F7556}") = "Utility.FileSystem.Transfer.WPF.Controls", "Utility.FileSystem.Transfer.WPF.Controls\Utility.FileSystem.Transfer.WPF.Controls.csproj", "{0B826286-3054-43D9-AAEF-3A2FB2ADAF15}"
EndProject
Project("{9A19103F-16F7-4668-BE54-9A1E7A4F7556}") = "Utility.FileSystem.Transfer.Common", "Utility.FileSystem.Common\Utility.FileSystem.Transfer.Common.csproj", "{4349516F-117A-4F29-9BF5-3F2407895D2B}"
EndProject
Project("{9A19103F-16F7-4668-BE54-9A1E7A4F7556}") = "Utility.FileSystem.Transfer.Abstract", "Utility.FileSystem.Transfer.Abstract\Utility.FileSystem.Transfer.Abstract.csproj", "{26523E89-2DD5-418A-B677-39F5686D5C8A}"
EndProject
Project("{9A19103F-16F7-4668-BE54-9A1E7A4F7556}") = "Utility.FileSystem.Transfer.Service", "Utility.FileSystem.Transfer.Service\Utility.FileSystem.Transfer.Service.csproj", "{781692DF-B372-4FE6-9F35-E66DC2A54F40}"
EndProject
Project("{9A19103F-16F7-4668-BE54-9A1E7A4F7556}") = "Utility.FileSystem.Helper", "Utility.FileSystem.Helper\Utility.FileSystem.Helper.csproj", "{7FE86FB1-414D-44AF-BE6C-7A037C914E0A}"
EndProject
Project("{9A19103F-16F7-4668-BE54-9A1E7A4F7556}") = "Utility.FileSystem.Transfer.Demo", "Utility.FileSystem.Transfer.Demo\Utility.FileSystem.Transfer.Demo.csproj", "{D255BC81-9158-4080-8D94-605B0ACCBD06}"
EndProject
Project("{2150E333-8FDC-42A3-9474-1A3956D46DE8}") = "Utility", "Utility", "{55A08870-240F-4E66-AF7E-1FE6CC2D28AF}"
EndProject
Project("{2150E333-8FDC-42A3-9474-1A3956D46DE8}") = "External", "External", "{772F1661-7280-4AA9-9A56-372023CF2357}"
EndProject
Project("{9A19103F-16F7-4668-BE54-9A1E7A4F7556}") = "Suggest.WPF", "Suggest.WPF\Suggest.WPF.csproj", "{63E9693E-DAA9-4E13-B2CE-08279B7A3DB1}"
EndProject
Project("{9A19103F-16F7-4668-BE54-9A1E7A4F7556}") = "UtilityWpf.Controls.Navigation", "UtilityWpf.Controls.FileSystem.Ex\UtilityWpf.Controls.Navigation.csproj", "{954BC2FD-CBFC-4A35-A438-A7DC9104CF71}"
EndProject
Project("{9A19103F-16F7-4668-BE54-9A1E7A4F7556}") = "Suggest.WPF.FileSystem", "Suggest.WPF.FileSystem\Suggest.WPF.FileSystem.csproj", "{CD33CC29-A065-4021-985C-DADF574FC13C}"
EndProject
Project("{9A19103F-16F7-4668-BE54-9A1E7A4F7556}") = "SplitButton", "SplitButton\SplitButton.csproj", "{793E6E35-ECBE-46C8-A690-2FABB4B0F9B0}"
EndProject
Project("{9A19103F-16F7-4668-BE54-9A1E7A4F7556}") = "BreadcrumbLib", "BreadCrumb\BreadCrumbLib\BreadcrumbLib.csproj", "{026B1618-97E1-4C6D-A903-70A3912F1DC8}"
EndProject
Project("{9A19103F-16F7-4668-BE54-9A1E7A4F7556}") = "Utility.Service", "Utility.Service\Utility.Service.csproj", "{D1A5F231-1153-4DE8-B0AF-4EE1E22FE39B}"
EndProject
Project("{9A19103F-16F7-4668-BE54-9A1E7A4F7556}") = "UtilityWpf.Demo.Data", "UtilityWpf.Demo.Data\UtilityWpf.Demo.Data.csproj", "{531ED5D3-6304-4C12-9DFB-D2E3CB43CBA7}"
EndProject
Project("{9A19103F-16F7-4668-BE54-9A1E7A4F7556}") = "Utility.Common", "Utility.Common\Utility.Common.csproj", "{7E085C98-91D9-40FA-9D2F-255B045D146D}"
EndProject
Project("{9A19103F-16F7-4668-BE54-9A1E7A4F7556}") = "UtilityWpf.Panels", "UtilityWpf.Panels\UtilityWpf.Panels.csproj", "{CC34AEE6-CF6C-4C70-B937-E527C7F97924}"
EndProject
Project("{9A19103F-16F7-4668-BE54-9A1E7A4F7556}") = "UtilityWpf.Demo.Common", "UtilityWpf.Demo.Common\UtilityWpf.Demo.Common.csproj", "{7FBE4A3F-08CC-4DCC-B764-1CA7E6F0CA3D}"
EndProject
Project("{9A19103F-16F7-4668-BE54-9A1E7A4F7556}") = "UtilityWpf.Controls.Master", "UtilityWpf.Controls.Master\UtilityWpf.Controls.Master.csproj", "{EC73127E-5DAC-4F09-A956-6553BC37ADB9}"
EndProject
Project("{9A19103F-16F7-4668-BE54-9A1E7A4F7556}") = "UtilityWpf.Controls.Dragablz", "UtilityWpf.Controls.Dragablz\UtilityWpf.Controls.Dragablz.csproj", "{4FB31DFD-25A2-4109-9576-70B6E8BE2434}"
EndProject
Project("{9A19103F-16F7-4668-BE54-9A1E7A4F7556}") = "Utility.Persist", "Utility.Persist\Utility.Persist.csproj", "{4EE008FA-F2A9-4BE6-AC8C-B8B53D5E6876}"
EndProject
Global
	GlobalSection(SolutionConfigurationPlatforms) = preSolution
		Debug|Any CPU = Debug|Any CPU
		Release|Any CPU = Release|Any CPU
	EndGlobalSection
	GlobalSection(ProjectConfigurationPlatforms) = postSolution
		{662E0F27-75E5-4FB4-9B99-BBEF2CF28594}.Debug|Any CPU.ActiveCfg = Debug|Any CPU
		{662E0F27-75E5-4FB4-9B99-BBEF2CF28594}.Debug|Any CPU.Build.0 = Debug|Any CPU
		{662E0F27-75E5-4FB4-9B99-BBEF2CF28594}.Release|Any CPU.ActiveCfg = Release|Any CPU
		{662E0F27-75E5-4FB4-9B99-BBEF2CF28594}.Release|Any CPU.Build.0 = Release|Any CPU
		{264293EB-59CF-4DAB-80AC-5BEE28AC1B88}.Debug|Any CPU.ActiveCfg = Debug|Any CPU
		{264293EB-59CF-4DAB-80AC-5BEE28AC1B88}.Debug|Any CPU.Build.0 = Debug|Any CPU
		{264293EB-59CF-4DAB-80AC-5BEE28AC1B88}.Release|Any CPU.ActiveCfg = Release|Any CPU
		{264293EB-59CF-4DAB-80AC-5BEE28AC1B88}.Release|Any CPU.Build.0 = Release|Any CPU
		{16A7EE28-A173-4F13-8297-C5301C416121}.Debug|Any CPU.ActiveCfg = Debug|Any CPU
		{16A7EE28-A173-4F13-8297-C5301C416121}.Debug|Any CPU.Build.0 = Debug|Any CPU
		{16A7EE28-A173-4F13-8297-C5301C416121}.Release|Any CPU.ActiveCfg = Release|Any CPU
		{16A7EE28-A173-4F13-8297-C5301C416121}.Release|Any CPU.Build.0 = Release|Any CPU
		{C29F816F-0E6E-4151-B210-F510AE288D42}.Debug|Any CPU.ActiveCfg = Debug|Any CPU
		{C29F816F-0E6E-4151-B210-F510AE288D42}.Debug|Any CPU.Build.0 = Debug|Any CPU
		{C29F816F-0E6E-4151-B210-F510AE288D42}.Release|Any CPU.ActiveCfg = Release|Any CPU
		{C29F816F-0E6E-4151-B210-F510AE288D42}.Release|Any CPU.Build.0 = Release|Any CPU
		{C48F6828-3036-4358-9099-EBB35454D11E}.Debug|Any CPU.ActiveCfg = Debug|Any CPU
		{C48F6828-3036-4358-9099-EBB35454D11E}.Debug|Any CPU.Build.0 = Debug|Any CPU
		{C48F6828-3036-4358-9099-EBB35454D11E}.Release|Any CPU.ActiveCfg = Release|Any CPU
		{C48F6828-3036-4358-9099-EBB35454D11E}.Release|Any CPU.Build.0 = Release|Any CPU
		{0B826286-3054-43D9-AAEF-3A2FB2ADAF15}.Debug|Any CPU.ActiveCfg = Debug|Any CPU
		{0B826286-3054-43D9-AAEF-3A2FB2ADAF15}.Debug|Any CPU.Build.0 = Debug|Any CPU
		{0B826286-3054-43D9-AAEF-3A2FB2ADAF15}.Release|Any CPU.ActiveCfg = Release|Any CPU
		{0B826286-3054-43D9-AAEF-3A2FB2ADAF15}.Release|Any CPU.Build.0 = Release|Any CPU
		{4349516F-117A-4F29-9BF5-3F2407895D2B}.Debug|Any CPU.ActiveCfg = Debug|Any CPU
		{4349516F-117A-4F29-9BF5-3F2407895D2B}.Debug|Any CPU.Build.0 = Debug|Any CPU
		{4349516F-117A-4F29-9BF5-3F2407895D2B}.Release|Any CPU.ActiveCfg = Release|Any CPU
		{4349516F-117A-4F29-9BF5-3F2407895D2B}.Release|Any CPU.Build.0 = Release|Any CPU
		{26523E89-2DD5-418A-B677-39F5686D5C8A}.Debug|Any CPU.ActiveCfg = Debug|Any CPU
		{26523E89-2DD5-418A-B677-39F5686D5C8A}.Debug|Any CPU.Build.0 = Debug|Any CPU
		{26523E89-2DD5-418A-B677-39F5686D5C8A}.Release|Any CPU.ActiveCfg = Release|Any CPU
		{26523E89-2DD5-418A-B677-39F5686D5C8A}.Release|Any CPU.Build.0 = Release|Any CPU
		{781692DF-B372-4FE6-9F35-E66DC2A54F40}.Debug|Any CPU.ActiveCfg = Debug|Any CPU
		{781692DF-B372-4FE6-9F35-E66DC2A54F40}.Debug|Any CPU.Build.0 = Debug|Any CPU
		{781692DF-B372-4FE6-9F35-E66DC2A54F40}.Release|Any CPU.ActiveCfg = Release|Any CPU
		{781692DF-B372-4FE6-9F35-E66DC2A54F40}.Release|Any CPU.Build.0 = Release|Any CPU
		{7FE86FB1-414D-44AF-BE6C-7A037C914E0A}.Debug|Any CPU.ActiveCfg = Debug|Any CPU
		{7FE86FB1-414D-44AF-BE6C-7A037C914E0A}.Debug|Any CPU.Build.0 = Debug|Any CPU
		{7FE86FB1-414D-44AF-BE6C-7A037C914E0A}.Release|Any CPU.ActiveCfg = Release|Any CPU
		{7FE86FB1-414D-44AF-BE6C-7A037C914E0A}.Release|Any CPU.Build.0 = Release|Any CPU
		{D255BC81-9158-4080-8D94-605B0ACCBD06}.Debug|Any CPU.ActiveCfg = Debug|Any CPU
		{D255BC81-9158-4080-8D94-605B0ACCBD06}.Debug|Any CPU.Build.0 = Debug|Any CPU
		{D255BC81-9158-4080-8D94-605B0ACCBD06}.Release|Any CPU.ActiveCfg = Release|Any CPU
		{D255BC81-9158-4080-8D94-605B0ACCBD06}.Release|Any CPU.Build.0 = Release|Any CPU
		{63E9693E-DAA9-4E13-B2CE-08279B7A3DB1}.Debug|Any CPU.ActiveCfg = Debug|Any CPU
		{63E9693E-DAA9-4E13-B2CE-08279B7A3DB1}.Debug|Any CPU.Build.0 = Debug|Any CPU
		{63E9693E-DAA9-4E13-B2CE-08279B7A3DB1}.Release|Any CPU.ActiveCfg = Release|Any CPU
		{63E9693E-DAA9-4E13-B2CE-08279B7A3DB1}.Release|Any CPU.Build.0 = Release|Any CPU
		{954BC2FD-CBFC-4A35-A438-A7DC9104CF71}.Debug|Any CPU.ActiveCfg = Debug|Any CPU
		{954BC2FD-CBFC-4A35-A438-A7DC9104CF71}.Debug|Any CPU.Build.0 = Debug|Any CPU
		{954BC2FD-CBFC-4A35-A438-A7DC9104CF71}.Release|Any CPU.ActiveCfg = Release|Any CPU
		{954BC2FD-CBFC-4A35-A438-A7DC9104CF71}.Release|Any CPU.Build.0 = Release|Any CPU
		{CD33CC29-A065-4021-985C-DADF574FC13C}.Debug|Any CPU.ActiveCfg = Debug|Any CPU
		{CD33CC29-A065-4021-985C-DADF574FC13C}.Debug|Any CPU.Build.0 = Debug|Any CPU
		{CD33CC29-A065-4021-985C-DADF574FC13C}.Release|Any CPU.ActiveCfg = Release|Any CPU
		{CD33CC29-A065-4021-985C-DADF574FC13C}.Release|Any CPU.Build.0 = Release|Any CPU
		{793E6E35-ECBE-46C8-A690-2FABB4B0F9B0}.Debug|Any CPU.ActiveCfg = Debug|Any CPU
		{793E6E35-ECBE-46C8-A690-2FABB4B0F9B0}.Debug|Any CPU.Build.0 = Debug|Any CPU
		{793E6E35-ECBE-46C8-A690-2FABB4B0F9B0}.Release|Any CPU.ActiveCfg = Release|Any CPU
		{793E6E35-ECBE-46C8-A690-2FABB4B0F9B0}.Release|Any CPU.Build.0 = Release|Any CPU
		{026B1618-97E1-4C6D-A903-70A3912F1DC8}.Debug|Any CPU.ActiveCfg = Debug|Any CPU
		{026B1618-97E1-4C6D-A903-70A3912F1DC8}.Debug|Any CPU.Build.0 = Debug|Any CPU
		{026B1618-97E1-4C6D-A903-70A3912F1DC8}.Release|Any CPU.ActiveCfg = Release|Any CPU
		{026B1618-97E1-4C6D-A903-70A3912F1DC8}.Release|Any CPU.Build.0 = Release|Any CPU
		{D1A5F231-1153-4DE8-B0AF-4EE1E22FE39B}.Debug|Any CPU.ActiveCfg = Debug|Any CPU
		{D1A5F231-1153-4DE8-B0AF-4EE1E22FE39B}.Debug|Any CPU.Build.0 = Debug|Any CPU
		{D1A5F231-1153-4DE8-B0AF-4EE1E22FE39B}.Release|Any CPU.ActiveCfg = Release|Any CPU
		{D1A5F231-1153-4DE8-B0AF-4EE1E22FE39B}.Release|Any CPU.Build.0 = Release|Any CPU
		{531ED5D3-6304-4C12-9DFB-D2E3CB43CBA7}.Debug|Any CPU.ActiveCfg = Debug|Any CPU
		{531ED5D3-6304-4C12-9DFB-D2E3CB43CBA7}.Debug|Any CPU.Build.0 = Debug|Any CPU
		{531ED5D3-6304-4C12-9DFB-D2E3CB43CBA7}.Release|Any CPU.ActiveCfg = Release|Any CPU
		{531ED5D3-6304-4C12-9DFB-D2E3CB43CBA7}.Release|Any CPU.Build.0 = Release|Any CPU
		{7E085C98-91D9-40FA-9D2F-255B045D146D}.Debug|Any CPU.ActiveCfg = Debug|Any CPU
		{7E085C98-91D9-40FA-9D2F-255B045D146D}.Debug|Any CPU.Build.0 = Debug|Any CPU
		{7E085C98-91D9-40FA-9D2F-255B045D146D}.Release|Any CPU.ActiveCfg = Release|Any CPU
		{7E085C98-91D9-40FA-9D2F-255B045D146D}.Release|Any CPU.Build.0 = Release|Any CPU
		{CC34AEE6-CF6C-4C70-B937-E527C7F97924}.Debug|Any CPU.ActiveCfg = Debug|Any CPU
		{CC34AEE6-CF6C-4C70-B937-E527C7F97924}.Debug|Any CPU.Build.0 = Debug|Any CPU
		{CC34AEE6-CF6C-4C70-B937-E527C7F97924}.Release|Any CPU.ActiveCfg = Release|Any CPU
		{CC34AEE6-CF6C-4C70-B937-E527C7F97924}.Release|Any CPU.Build.0 = Release|Any CPU
		{7FBE4A3F-08CC-4DCC-B764-1CA7E6F0CA3D}.Debug|Any CPU.ActiveCfg = Debug|Any CPU
		{7FBE4A3F-08CC-4DCC-B764-1CA7E6F0CA3D}.Debug|Any CPU.Build.0 = Debug|Any CPU
		{7FBE4A3F-08CC-4DCC-B764-1CA7E6F0CA3D}.Release|Any CPU.ActiveCfg = Release|Any CPU
		{7FBE4A3F-08CC-4DCC-B764-1CA7E6F0CA3D}.Release|Any CPU.Build.0 = Release|Any CPU
		{EC73127E-5DAC-4F09-A956-6553BC37ADB9}.Debug|Any CPU.ActiveCfg = Debug|Any CPU
		{EC73127E-5DAC-4F09-A956-6553BC37ADB9}.Debug|Any CPU.Build.0 = Debug|Any CPU
		{EC73127E-5DAC-4F09-A956-6553BC37ADB9}.Release|Any CPU.ActiveCfg = Release|Any CPU
		{EC73127E-5DAC-4F09-A956-6553BC37ADB9}.Release|Any CPU.Build.0 = Release|Any CPU
		{4FB31DFD-25A2-4109-9576-70B6E8BE2434}.Debug|Any CPU.ActiveCfg = Debug|Any CPU
		{4FB31DFD-25A2-4109-9576-70B6E8BE2434}.Debug|Any CPU.Build.0 = Debug|Any CPU
		{4FB31DFD-25A2-4109-9576-70B6E8BE2434}.Release|Any CPU.ActiveCfg = Release|Any CPU
		{4FB31DFD-25A2-4109-9576-70B6E8BE2434}.Release|Any CPU.Build.0 = Release|Any CPU
		{4EE008FA-F2A9-4BE6-AC8C-B8B53D5E6876}.Debug|Any CPU.ActiveCfg = Debug|Any CPU
		{4EE008FA-F2A9-4BE6-AC8C-B8B53D5E6876}.Debug|Any CPU.Build.0 = Debug|Any CPU
		{4EE008FA-F2A9-4BE6-AC8C-B8B53D5E6876}.Release|Any CPU.ActiveCfg = Release|Any CPU
		{4EE008FA-F2A9-4BE6-AC8C-B8B53D5E6876}.Release|Any CPU.Build.0 = Release|Any CPU
	EndGlobalSection
	GlobalSection(SolutionProperties) = preSolution
		HideSolutionNode = FALSE
	EndGlobalSection
	GlobalSection(NestedProjects) = preSolution
		{662E0F27-75E5-4FB4-9B99-BBEF2CF28594} = {55A08870-240F-4E66-AF7E-1FE6CC2D28AF}
		{264293EB-59CF-4DAB-80AC-5BEE28AC1B88} = {55A08870-240F-4E66-AF7E-1FE6CC2D28AF}
		{16A7EE28-A173-4F13-8297-C5301C416121} = {3E8F851B-BECA-4BAA-9275-2104CDEAEC3D}
		{C29F816F-0E6E-4151-B210-F510AE288D42} = {3E8F851B-BECA-4BAA-9275-2104CDEAEC3D}
		{C48F6828-3036-4358-9099-EBB35454D11E} = {55A08870-240F-4E66-AF7E-1FE6CC2D28AF}
		{0B826286-3054-43D9-AAEF-3A2FB2ADAF15} = {A0404512-DA00-43B0-A59A-0F14A6C8D530}
		{4349516F-117A-4F29-9BF5-3F2407895D2B} = {A0404512-DA00-43B0-A59A-0F14A6C8D530}
		{26523E89-2DD5-418A-B677-39F5686D5C8A} = {A0404512-DA00-43B0-A59A-0F14A6C8D530}
		{781692DF-B372-4FE6-9F35-E66DC2A54F40} = {A0404512-DA00-43B0-A59A-0F14A6C8D530}
		{7FE86FB1-414D-44AF-BE6C-7A037C914E0A} = {A0404512-DA00-43B0-A59A-0F14A6C8D530}
		{D255BC81-9158-4080-8D94-605B0ACCBD06} = {3E8F851B-BECA-4BAA-9275-2104CDEAEC3D}
		{63E9693E-DAA9-4E13-B2CE-08279B7A3DB1} = {772F1661-7280-4AA9-9A56-372023CF2357}
		{954BC2FD-CBFC-4A35-A438-A7DC9104CF71} = {55A08870-240F-4E66-AF7E-1FE6CC2D28AF}
		{CD33CC29-A065-4021-985C-DADF574FC13C} = {772F1661-7280-4AA9-9A56-372023CF2357}
		{793E6E35-ECBE-46C8-A690-2FABB4B0F9B0} = {772F1661-7280-4AA9-9A56-372023CF2357}
		{026B1618-97E1-4C6D-A903-70A3912F1DC8} = {772F1661-7280-4AA9-9A56-372023CF2357}
		{D1A5F231-1153-4DE8-B0AF-4EE1E22FE39B} = {55A08870-240F-4E66-AF7E-1FE6CC2D28AF}
		{531ED5D3-6304-4C12-9DFB-D2E3CB43CBA7} = {55A08870-240F-4E66-AF7E-1FE6CC2D28AF}
		{7E085C98-91D9-40FA-9D2F-255B045D146D} = {55A08870-240F-4E66-AF7E-1FE6CC2D28AF}
		{CC34AEE6-CF6C-4C70-B937-E527C7F97924} = {55A08870-240F-4E66-AF7E-1FE6CC2D28AF}
		{7FBE4A3F-08CC-4DCC-B764-1CA7E6F0CA3D} = {3E8F851B-BECA-4BAA-9275-2104CDEAEC3D}
		{EC73127E-5DAC-4F09-A956-6553BC37ADB9} = {55A08870-240F-4E66-AF7E-1FE6CC2D28AF}
		{4FB31DFD-25A2-4109-9576-70B6E8BE2434} = {55A08870-240F-4E66-AF7E-1FE6CC2D28AF}
		{4EE008FA-F2A9-4BE6-AC8C-B8B53D5E6876} = {55A08870-240F-4E66-AF7E-1FE6CC2D28AF}
	EndGlobalSection
	GlobalSection(ExtensibilityGlobals) = postSolution
		SolutionGuid = {7D60CFCE-498F-4A6D-9B9B-5546561C117E}
	EndGlobalSection
EndGlobal
